
Microsoft Visual Studio Solution File, Format Version 12.00
# Visual Studio 15
VisualStudioVersion = 15.0.28010.2026
MinimumVisualStudioVersion = 10.0.40219.1
Project("{FAE04EC0-301F-11D3-BF4B-00C04F79EFBC}") = "ColorPicker", "ColorPicker\ColorPicker.csproj", "{36D65EE1-51B4-4F70-B236-5E4A450335A2}"
EndProject
Global
	GlobalSection(SolutionConfigurationPlatforms) = preSolution
		Debug|Any CPU = Debug|Any CPU
		Release|Any CPU = Release|Any CPU
	EndGlobalSection
	GlobalSection(ProjectConfigurationPlatforms) = postSolution
		{36D65EE1-51B4-4F70-B236-5E4A450335A2}.Debug|Any CPU.ActiveCfg = Debug|Any CPU
		{36D65EE1-51B4-4F70-B236-5E4A450335A2}.Debug|Any CPU.Build.0 = Debug|Any CPU
		{36D65EE1-51B4-4F70-B236-5E4A450335A2}.Release|Any CPU.ActiveCfg = Release|Any CPU
		{36D65EE1-51B4-4F70-B236-5E4A450335A2}.Release|Any CPU.Build.0 = Release|Any CPU
	EndGlobalSection
	GlobalSection(SolutionProperties) = preSolution
		HideSolutionNode = FALSE
	EndGlobalSection
	GlobalSection(ExtensibilityGlobals) = postSolution
		SolutionGuid = {57D90BCB-4099-49E7-B24F-A590F85AA992}
	EndGlobalSection
EndGlobal
